annotated-types==0.8.0
anyio==4.15.1
click==8.5.0
fastapi==0.115.12
h11==0.16.0
httptools==0.8.0
idna==3.19
packaging==26.3
pydantic==2.11.4
pydantic_core==2.33.2
python-dotenv==1.2.3
PyYAML==6.0.3
starlette==0.46.2
typing-inspection==0.4.4
typing_extensions==4.16.0
uvicorn==0.34.2
uvloop==0.22.1
watchfiles==1.2.0
websockets==17.1
